{
  "requires": true,
  "lockfileVersion": 1,
  "dependencies": {
    "axios": {
      "version": "0.22.0",
      "resolved": "https://registry.npmjs.org/axios/-/axios-0.22.0.tgz",
      "integrity": "sha512-Z0U3uhqQeg1oNcihswf4ZD57O3NrR1+ZXhxaROaWpDmsDTx7T2HNBV2ulBtie2hwJptu8UvgnJoK+BIqdzh/1w==",
      "requires": {
        "follow-redirects": "^1.14.4"
      }
    },
    "dsbapi": {
      "version": "4.1.1",
      "resolved": "https://registry.npmjs.org/dsbapi/-/dsbapi-4.1.1.tgz",
      "integrity": "sha512-i4BH+z6j87z0JoK1L4GdtvZy6z585I7nmHvNstCPCASHJis8yvNN/CIG8v3ZywpZm7HmVac8IP1Ds4cq8g90kQ==",
      "requires": {
        "axios": "^0.22.0",
        "pako": "^2.0.4",
        "percentage-calc": "^0.0.1"
      }
    },
    "follow-redirects": {
      "version": "1.14.6",
      "resolved": "https://registry.npmjs.org/follow-redirects/-/follow-redirects-1.14.6.tgz",
      "integrity": "sha512-fhUl5EwSJbbl8AR+uYL2KQDxLkdSjZGR36xy46AO7cOMTrCMON6Sa28FmAnC2tRTDbd/Uuzz3aJBv7EBN7JH8A=="
    },
    "pako": {
      "version": "2.0.4",
      "resolved": "https://registry.npmjs.org/pako/-/pako-2.0.4.tgz",
      "integrity": "sha512-v8tweI900AUkZN6heMU/4Uy4cXRc2AYNRggVmTR+dEncawDJgCdLMximOVA2p4qO57WMynangsfGRb5WD6L1Bg=="
    },
    "percentage-calc": {
      "version": "0.0.1",
      "resolved": "https://registry.npmjs.org/percentage-calc/-/percentage-calc-0.0.1.tgz",
      "integrity": "sha1-OdlVHCDaMfv8WQGshdLC2JxedWA="
    }
  }
}
